PODS:
  - Firebase/CoreOnly (11.7.0):
    - FirebaseCore (~> 11.7.0)
  - firebase_core (3.11.0):
    - Firebase/CoreOnly (= 11.7.0)
    - Flutter
  - FirebaseCore (11.7.0):
    - FirebaseCoreInternal (~> 11.7.0)
    - GoogleUtilities/Environment (~> 8.0)
    - GoogleUtilities/Logger (~> 8.0)
  - FirebaseCoreInternal (11.7.0):
    - "GoogleUtilities/NSData+zlib (~> 8.0)"
  - Flutter (1.0.0)
  - flutter_localization (0.0.1):
    - Flutter
  - flutter_native_splash (2.4.3):
    - Flutter
  - GoogleUtilities/Environment (8.0.2):
    - GoogleUtilities/Privacy
  - GoogleUtilities/Logger (8.0.2):
    - GoogleUtilities/Environment
    - GoogleUtilities/Privacy
  - "GoogleUtilities/NSData+zlib (8.0.2)":
    - GoogleUtilities/Privacy
  - GoogleUtilities/Privacy (8.0.2)
  - path_provider_foundation (0.0.1):
    - Flutter
    - FlutterMacOS
  - shared_preferences_foundation (0.0.1):
    - Flutter
    - FlutterMacOS
  - sqflite_darwin (0.0.4):
    - Flutter
    - FlutterMacOS

DEPENDENCIES:
  - firebase_core (from `.symlinks/plugins/firebase_core/ios`)
  - Flutter (from `Flutter`)
  - flutter_localization (from `.symlinks/plugins/flutter_localization/ios`)
  - flutter_native_splash (from `.symlinks/plugins/flutter_native_splash/ios`)
  - path_provider_foundation (from `.symlinks/plugins/path_provider_foundation/darwin`)
  - shared_preferences_foundation (from `.symlinks/plugins/shared_preferences_foundation/darwin`)
  - sqflite_darwin (from `.symlinks/plugins/sqflite_darwin/darwin`)

SPEC REPOS:
  trunk:
    - Firebase
    - FirebaseCore
    - FirebaseCoreInternal
    - GoogleUtilities

EXTERNAL SOURCES:
  firebase_core:
    :path: ".symlinks/plugins/firebase_core/ios"
  Flutter:
    :path: Flutter
  flutter_localization:
    :path: ".symlinks/plugins/flutter_localization/ios"
  flutter_native_splash:
    :path: ".symlinks/plugins/flutter_native_splash/ios"
  path_provider_foundation:
    :path: ".symlinks/plugins/path_provider_foundation/darwin"
  shared_preferences_foundation:
    :path: ".symlinks/plugins/shared_preferences_foundation/darwin"
  sqflite_darwin:
    :path: ".symlinks/plugins/sqflite_darwin/darwin"

SPEC CHECKSUMS:
  Firebase: a64bf6a8546e6eab54f1c715cd6151f39d2329f4
  firebase_core: 3d36094af9b47c46bfb965943413a39eebaca4db
  FirebaseCore: 3227e35f4197a924206fbcdc0349325baf4f5de4
  FirebaseCoreInternal: d6c17dafc8dc33614733a8b52df78fcb4394c881
  Flutter: e0871f40cf51350855a761d2e70bf5af5b9b5de7
  flutter_localization: 72299fb6cb4e51cae587bd953ed0b958040b71e6
  flutter_native_splash: c32d145d68aeda5502d5f543ee38c192065986cf
  GoogleUtilities: 26a3abef001b6533cf678d3eb38fd3f614b7872d
  path_provider_foundation: 080d55be775b7414fd5a5ef3ac137b97b097e564
  shared_preferences_foundation: 9e1978ff2562383bd5676f64ec4e9aa8fa06a6f7
  sqflite_darwin: 20b2a3a3b70e43edae938624ce550a3cbf66a3d0

PODFILE CHECKSUM: 251cb053df7158f337c0712f2ab29f4e0fa474ce

COCOAPODS: 1.16.2
